
Microsoft Visual Studio Solution File, Format Version 12.00
# Visual Studio Version 16
VisualStudioVersion = 16.0.32002.261
MinimumVisualStudioVersion = 10.0.40219.1
Project("{FAE04EC0-301F-11D3-BF4B-00C04F79EFBC}") = "DataConvertAPI", "DataConvertAPI\DataConvertAPI.csproj", "{18C3E646-329F-4D1D-8856-CE029570EE94}"
EndProject
Global
	GlobalSection(SolutionConfigurationPlatforms) = preSolution
		Debug|Any CPU = Debug|Any CPU
		Release|Any CPU = Release|Any CPU
	EndGlobalSection
	GlobalSection(ProjectConfigurationPlatforms) = postSolution
		{18C3E646-329F-4D1D-8856-CE029570EE94}.Debug|Any CPU.ActiveCfg = Debug|Any CPU
		{18C3E646-329F-4D1D-8856-CE029570EE94}.Debug|Any CPU.Build.0 = Debug|Any CPU
		{18C3E646-329F-4D1D-8856-CE029570EE94}.Release|Any CPU.ActiveCfg = Release|Any CPU
		{18C3E646-329F-4D1D-8856-CE029570EE94}.Release|Any CPU.Build.0 = Release|Any CPU
	EndGlobalSection
	GlobalSection(SolutionProperties) = preSolution
		HideSolutionNode = FALSE
	EndGlobalSection
	GlobalSection(ExtensibilityGlobals) = postSolution
		SolutionGuid = {60694C01-9EC8-4F58-B2E9-FC54F1AED7E4}
	EndGlobalSection
EndGlobal
